
Microsoft Visual Studio Solution File, Format Version 12.00
# Visual Studio Version 16
VisualStudioVersion = 16.0.31019.35
MinimumVisualStudioVersion = 10.0.40219.1
Project("{FAE04EC0-301F-11D3-BF4B-00C04F79EFBC}") = "AgileCoding.Extentions.Xml", "AgileCoding.Extentions.Xml\AgileCoding.Extentions.Xml.csproj", "{06208CD7-B21A-4E9C-A792-F54EEF55E82D}"
EndProject
Global
	GlobalSection(SolutionConfigurationPlatforms) = preSolution
		Debug|Any CPU = Debug|Any CPU
		Release|Any CPU = Release|Any CPU
	EndGlobalSection
	GlobalSection(ProjectConfigurationPlatforms) = postSolution
		{06208CD7-B21A-4E9C-A792-F54EEF55E82D}.Debug|Any CPU.ActiveCfg = Debug|Any CPU
		{06208CD7-B21A-4E9C-A792-F54EEF55E82D}.Debug|Any CPU.Build.0 = Debug|Any CPU
		{06208CD7-B21A-4E9C-A792-F54EEF55E82D}.Release|Any CPU.ActiveCfg = Release|Any CPU
		{06208CD7-B21A-4E9C-A792-F54EEF55E82D}.Release|Any CPU.Build.0 = Release|Any CPU
	EndGlobalSection
	GlobalSection(SolutionProperties) = preSolution
		HideSolutionNode = FALSE
	EndGlobalSection
	GlobalSection(ExtensibilityGlobals) = postSolution
		SolutionGuid = {06F00E3D-AD8E-41E3-B46A-2C1AD8ED9BFE}
	EndGlobalSection
EndGlobal
